{
  "name": "web",
  "lockfileVersion": 3,
  "requires": true,
  "packages": {
    "": {
      "dependencies": {
        "react-tsparticles": "^2.12.2",
        "tsparticles": "^2.12.0"
      }
    },
    "node_modules/js-tokens": {
      "version": "4.0.0",
      "resolved": "https://registry.npmjs.org/js-tokens/-/js-tokens-4.0.0.tgz",
      "integrity": "sha512-RdJUflcE3cUzKiMqQgsCu06FPu9UdIJO0beYbPhHN4k6apgJtifcoCtT9bcxOpYBtpD2kCM6Sbzg4CausW/PKQ==",
      "peer": true
    },
    "node_modules/loose-envify": {
      "version": "1.4.0",
      "resolved": "https://registry.npmjs.org/loose-envify/-/loose-envify-1.4.0.tgz",
      "integrity": "sha512-lyuxPGr/Wfhrlem2CL/UcnUc1zcqKAImBDzukY7Y5F/yQiNdko6+fRLevlw1HgMySw7f611UIY408EtxRSoK3Q==",
      "peer": true,
      "dependencies": {
        "js-tokens": "^3.0.0 || ^4.0.0"
      },
      "bin": {
        "loose-envify": "cli.js"
      }
    },
    "node_modules/react": {
      "version": "18.2.0",
      "resolved": "https://registry.npmjs.org/react/-/react-18.2.0.tgz",
      "integrity": "sha512-/3IjMdb2L9QbBdWiW5e3P2/npwMBaU9mHCSCUzNln0ZCYbcfTsGbTJrU/kGemdH2IWmB2ioZ+zkxtmq6g09fGQ==",
      "peer": true,
      "dependencies": {
        "loose-envify": "^1.1.0"
      },
      "engines": {
        "node": ">=0.10.0"
      }
    },
    "node_modules/react-tsparticles": {
      "version": "2.12.2",
      "resolved": "https://registry.npmjs.org/react-tsparticles/-/react-tsparticles-2.12.2.tgz",
      "integrity": "sha512-/nrEbyL8UROXKIMXe+f+LZN2ckvkwV2Qa+GGe/H26oEIc+wq/ybSG9REDwQiSt2OaDQGu0MwmA4BKmkL6wAWcA==",
      "funding": [
        {
          "type": "github",
          "url": "https://github.com/sponsors/matteobruni"
        },
        {
          "type": "github",
          "url": "https://github.com/sponsors/tsparticles"
        },
        {
          "type": "buymeacoffee",
          "url": "https://www.buymeacoffee.com/matteobruni"
        }
      ],
      "hasInstallScript": true,
      "dependencies": {
        "tsparticles-engine": "^2.12.0"
      },
      "peerDependencies": {
        "react": ">=16"
      }
    },
    "node_modules/tsparticles": {
      "version": "2.12.0",
      "resolved": "https://registry.npmjs.org/tsparticles/-/tsparticles-2.12.0.tgz",
      "integrity": "sha512-aw77llkaEhcKYUHuRlggA6SB1Dpa814/nrStp9USGiDo5QwE1Ckq30QAgdXU6GRvnblUFsiO750ZuLQs5Y0tVw==",
      "funding": [
        {
          "type": "github",
          "url": "https://github.com/sponsors/matteobruni"
        },
        {
          "type": "github",
          "url": "https://github.com/sponsors/tsparticles"
        },
        {
          "type": "buymeacoffee",
          "url": "https://www.buymeacoffee.com/matteobruni"
        }
      ],
      "dependencies": {
        "tsparticles-engine": "^2.12.0",
        "tsparticles-interaction-external-trail": "^2.12.0",
        "tsparticles-plugin-absorbers": "^2.12.0",
        "tsparticles-plugin-emitters": "^2.12.0",
        "tsparticles-slim": "^2.12.0",
        "tsparticles-updater-destroy": "^2.12.0",
        "tsparticles-updater-roll": "^2.12.0",
        "tsparticles-updater-tilt": "^2.12.0",
        "tsparticles-updater-twinkle": "^2.12.0",
        "tsparticles-updater-wobble": "^2.12.0"
      }
    },
    "node_modules/tsparticles-basic": {
      "version": "2.12.0",
      "resolved": "https://registry.npmjs.org/tsparticles-basic/-/tsparticles-basic-2.12.0.tgz",
      "integrity": "sha512-pN6FBpL0UsIUXjYbiui5+IVsbIItbQGOlwyGV55g6IYJBgdTNXgFX0HRYZGE9ZZ9psEXqzqwLM37zvWnb5AG9g==",
      "funding": [
        {
          "type": "github",
          "url": "https://github.com/sponsors/matteobruni"
        },
        {
          "type": "github",
          "url": "https://github.com/sponsors/tsparticles"
        },
        {
          "type": "buymeacoffee",
          "url": "https://www.buymeacoffee.com/matteobruni"
        }
      ],
      "dependencies": {
        "tsparticles-engine": "^2.12.0",
        "tsparticles-move-base": "^2.12.0",
        "tsparticles-shape-circle": "^2.12.0",
        "tsparticles-updater-color": "^2.12.0",
        "tsparticles-updater-opacity": "^2.12.0",
        "tsparticles-updater-out-modes": "^2.12.0",
        "tsparticles-updater-size": "^2.12.0"
      }
    },
    "node_modules/tsparticles-engine": {
      "version": "2.12.0",
      "resolved": "https://registry.npmjs.org/tsparticles-engine/-/tsparticles-engine-2.12.0.tgz",
      "integrity": "sha512-ZjDIYex6jBJ4iMc9+z0uPe7SgBnmb6l+EJm83MPIsOny9lPpetMsnw/8YJ3xdxn8hV+S3myTpTN1CkOVmFv0QQ==",
      "funding": [
        {
          "type": "github",
          "url": "https://github.com/sponsors/matteobruni"
        },
        {
          "type": "github",
          "url": "https://github.com/sponsors/tsparticles"
        },
        {
          "type": "buymeacoffee",
          "url": "https://www.buymeacoffee.com/matteobruni"
        }
      ],
      "hasInstallScript": true
    },
    "node_modules/tsparticles-interaction-external-attract": {
      "version": "2.12.0",
      "resolved": "https://registry.npmjs.org/tsparticles-interaction-external-attract/-/tsparticles-interaction-external-attract-2.12.0.tgz",
      "integrity": "sha512-0roC6D1QkFqMVomcMlTaBrNVjVOpyNzxIUsjMfshk2wUZDAvTNTuWQdUpmsLS4EeSTDN3rzlGNnIuuUQqyBU5w==",
      "dependencies": {
        "tsparticles-engine": "^2.12.0"
      }
    },
    "node_modules/tsparticles-interaction-external-bounce": {
      "version": "2.12.0",
      "resolved": "https://registry.npmjs.org/tsparticles-interaction-external-bounce/-/tsparticles-interaction-external-bounce-2.12.0.tgz",
      "integrity": "sha512-MMcqKLnQMJ30hubORtdq+4QMldQ3+gJu0bBYsQr9BsThsh8/V0xHc1iokZobqHYVP5tV77mbFBD8Z7iSCf0TMQ==",
      "dependencies": {
        "tsparticles-engine": "^2.12.0"
      }
    },
    "node_modules/tsparticles-interaction-external-bubble": {
      "version": "2.12.0",
      "resolved": "https://registry.npmjs.org/tsparticles-interaction-external-bubble/-/tsparticles-interaction-external-bubble-2.12.0.tgz",
      "integrity": "sha512-5kImCSCZlLNccXOHPIi2Yn+rQWTX3sEa/xCHwXW19uHxtILVJlnAweayc8+Zgmb7mo0DscBtWVFXHPxrVPFDUA==",
      "dependencies": {
        "tsparticles-engine": "^2.12.0"
      }
    },
    "node_modules/tsparticles-interaction-external-connect": {
      "version": "2.12.0",
      "resolved": "https://registry.npmjs.org/tsparticles-interaction-external-connect/-/tsparticles-interaction-external-connect-2.12.0.tgz",
      "integrity": "sha512-ymzmFPXz6AaA1LAOL5Ihuy7YSQEW8MzuSJzbd0ES13U8XjiU3HlFqlH6WGT1KvXNw6WYoqrZt0T3fKxBW3/C3A==",
      "dependencies": {
        "tsparticles-engine": "^2.12.0"
      }
    },
    "node_modules/tsparticles-interaction-external-grab": {
      "version": "2.12.0",
      "resolved": "https://registry.npmjs.org/tsparticles-interaction-external-grab/-/tsparticles-interaction-external-grab-2.12.0.tgz",
      "integrity": "sha512-iQF/A947hSfDNqAjr49PRjyQaeRkYgTYpfNmAf+EfME8RsbapeP/BSyF6mTy0UAFC0hK2A2Hwgw72eT78yhXeQ==",
      "dependencies": {
        "tsparticles-engine": "^2.12.0"
      }
    },
    "node_modules/tsparticles-interaction-external-pause": {
      "version": "2.12.0",
      "resolved": "https://registry.npmjs.org/tsparticles-interaction-external-pause/-/tsparticles-interaction-external-pause-2.12.0.tgz",
      "integrity": "sha512-4SUikNpsFROHnRqniL+uX2E388YTtfRWqqqZxRhY0BrijH4z04Aii3YqaGhJxfrwDKkTQlIoM2GbFT552QZWjw==",
      "dependencies": {
        "tsparticles-engine": "^2.12.0"
      }
    },
    "node_modules/tsparticles-interaction-external-push": {
      "version": "2.12.0",
      "resolved": "https://registry.npmjs.org/tsparticles-interaction-external-push/-/tsparticles-interaction-external-push-2.12.0.tgz",
      "integrity": "sha512-kqs3V0dgDKgMoeqbdg+cKH2F+DTrvfCMrPF1MCCUpBCqBiH+TRQpJNNC86EZYHfNUeeLuIM3ttWwIkk2hllR/Q==",
      "dependencies": {
        "tsparticles-engine": "^2.12.0"
      }
    },
    "node_modules/tsparticles-interaction-external-remove": {
      "version": "2.12.0",
      "resolved": "https://registry.npmjs.org/tsparticles-interaction-external-remove/-/tsparticles-interaction-external-remove-2.12.0.tgz",
      "integrity": "sha512-2eNIrv4m1WB2VfSVj46V2L/J9hNEZnMgFc+A+qmy66C8KzDN1G8aJUAf1inW8JVc0lmo5+WKhzex4X0ZSMghBg==",
      "dependencies": {
        "tsparticles-engine": "^2.12.0"
      }
    },
    "node_modules/tsparticles-interaction-external-repulse": {
      "version": "2.12.0",
      "resolved": "https://registry.npmjs.org/tsparticles-interaction-external-repulse/-/tsparticles-interaction-external-repulse-2.12.0.tgz",
      "integrity": "sha512-rSzdnmgljeBCj5FPp4AtGxOG9TmTsK3AjQW0vlyd1aG2O5kSqFjR+FuT7rfdSk9LEJGH5SjPFE6cwbuy51uEWA==",
      "dependencies": {
        "tsparticles-engine": "^2.12.0"
      }
    },
    "node_modules/tsparticles-interaction-external-slow": {
      "version": "2.12.0",
      "resolved": "https://registry.npmjs.org/tsparticles-interaction-external-slow/-/tsparticles-interaction-external-slow-2.12.0.tgz",
      "integrity": "sha512-2IKdMC3om7DttqyroMtO//xNdF0NvJL/Lx7LDo08VpfTgJJozxU+JAUT8XVT7urxhaDzbxSSIROc79epESROtA==",
      "dependencies": {
        "tsparticles-engine": "^2.12.0"
      }
    },
    "node_modules/tsparticles-interaction-external-trail": {
      "version": "2.12.0",
      "resolved": "https://registry.npmjs.org/tsparticles-interaction-external-trail/-/tsparticles-interaction-external-trail-2.12.0.tgz",
      "integrity": "sha512-LKSapU5sPTaZqYx+y5VJClj0prlV7bswplSFQaIW1raXkvsk45qir2AVcpP5JUhZSFSG+SwsHr+qCgXhNeN1KA==",
      "dependencies": {
        "tsparticles-engine": "^2.12.0"
      }
    },
    "node_modules/tsparticles-interaction-particles-attract": {
      "version": "2.12.0",
      "resolved": "https://registry.npmjs.org/tsparticles-interaction-particles-attract/-/tsparticles-interaction-particles-attract-2.12.0.tgz",
      "integrity": "sha512-Hl8qwuwF9aLq3FOkAW+Zomu7Gb8IKs6Y3tFQUQScDmrrSCaeRt2EGklAiwgxwgntmqzL7hbMWNx06CHHcUQKdQ==",
      "dependencies": {
        "tsparticles-engine": "^2.12.0"
      }
    },
    "node_modules/tsparticles-interaction-particles-collisions": {
      "version": "2.12.0",
      "resolved": "https://registry.npmjs.org/tsparticles-interaction-particles-collisions/-/tsparticles-interaction-particles-collisions-2.12.0.tgz",
      "integrity": "sha512-Se9nPWlyPxdsnHgR6ap4YUImAu3W5MeGKJaQMiQpm1vW8lSMOUejI1n1ioIaQth9weKGKnD9rvcNn76sFlzGBA==",
      "dependencies": {
        "tsparticles-engine": "^2.12.0"
      }
    },
    "node_modules/tsparticles-interaction-particles-links": {
      "version": "2.12.0",
      "resolved": "https://registry.npmjs.org/tsparticles-interaction-particles-links/-/tsparticles-interaction-particles-links-2.12.0.tgz",
      "integrity": "sha512-e7I8gRs4rmKfcsHONXMkJnymRWpxHmeaJIo4g2NaDRjIgeb2AcJSWKWZvrsoLnm7zvaf/cMQlbN6vQwCixYq3A==",
      "dependencies": {
        "tsparticles-engine": "^2.12.0"
      }
    },
    "node_modules/tsparticles-move-base": {
      "version": "2.12.0",
      "resolved": "https://registry.npmjs.org/tsparticles-move-base/-/tsparticles-move-base-2.12.0.tgz",
      "integrity": "sha512-oSogCDougIImq+iRtIFJD0YFArlorSi8IW3HD2gO3USkH+aNn3ZqZNTqp321uB08K34HpS263DTbhLHa/D6BWw==",
      "dependencies": {
        "tsparticles-engine": "^2.12.0"
      }
    },
    "node_modules/tsparticles-move-parallax": {
      "version": "2.12.0",
      "resolved": "https://registry.npmjs.org/tsparticles-move-parallax/-/tsparticles-move-parallax-2.12.0.tgz",
      "integrity": "sha512-58CYXaX8Ih5rNtYhpnH0YwU4Ks7gVZMREGUJtmjhuYN+OFr9FVdF3oDIJ9N6gY5a5AnAKz8f5j5qpucoPRcYrQ==",
      "dependencies": {
        "tsparticles-engine": "^2.12.0"
      }
    },
    "node_modules/tsparticles-particles.js": {
      "version": "2.12.0",
      "resolved": "https://registry.npmjs.org/tsparticles-particles.js/-/tsparticles-particles.js-2.12.0.tgz",
      "integrity": "sha512-LyOuvYdhbUScmA4iDgV3LxA0HzY1DnOwQUy3NrPYO393S2YwdDjdwMod6Btq7EBUjg9FVIh+sZRizgV5elV2dg==",
      "funding": [
        {
          "type": "github",
          "url": "https://github.com/sponsors/matteobruni"
        },
        {
          "type": "github",
          "url": "https://github.com/sponsors/tsparticles"
        },
        {
          "type": "buymeacoffee",
          "url": "https://www.buymeacoffee.com/matteobruni"
        }
      ],
      "dependencies": {
        "tsparticles-engine": "^2.12.0"
      }
    },
    "node_modules/tsparticles-plugin-absorbers": {
      "version": "2.12.0",
      "resolved": "https://registry.npmjs.org/tsparticles-plugin-absorbers/-/tsparticles-plugin-absorbers-2.12.0.tgz",
      "integrity": "sha512-2CkPreaXHrE5VzFlxUKLeRB5t66ff+3jwLJoDFgQcp+R4HOEITo0bBZv2DagGP0QZdYN4grpnQzRBVdB4d1rWA==",
      "dependencies": {
        "tsparticles-engine": "^2.12.0"
      }
    },
    "node_modules/tsparticles-plugin-easing-quad": {
      "version": "2.12.0",
      "resolved": "https://registry.npmjs.org/tsparticles-plugin-easing-quad/-/tsparticles-plugin-easing-quad-2.12.0.tgz",
      "integrity": "sha512-2mNqez5pydDewMIUWaUhY5cNQ80IUOYiujwG6qx9spTq1D6EEPLbRNAEL8/ecPdn2j1Um3iWSx6lo340rPkv4Q==",
      "funding": [
        {
          "type": "github",
          "url": "https://github.com/sponsors/matteobruni"
        },
        {
          "type": "github",
          "url": "https://github.com/sponsors/tsparticles"
        },
        {
          "type": "buymeacoffee",
          "url": "https://www.buymeacoffee.com/matteobruni"
        }
      ],
      "dependencies": {
        "tsparticles-engine": "^2.12.0"
      }
    },
    "node_modules/tsparticles-plugin-emitters": {
      "version": "2.12.0",
      "resolved": "https://registry.npmjs.org/tsparticles-plugin-emitters/-/tsparticles-plugin-emitters-2.12.0.tgz",
      "integrity": "sha512-fbskYnaXWXivBh9KFReVCfqHdhbNQSK2T+fq2qcGEWpwtDdgujcaS1k2Q/xjZnWNMfVesik4IrqspcL51gNdSA==",
      "dependencies": {
        "tsparticles-engine": "^2.12.0"
      }
    },
    "node_modules/tsparticles-shape-circle": {
      "version": "2.12.0",
      "resolved": "https://registry.npmjs.org/tsparticles-shape-circle/-/tsparticles-shape-circle-2.12.0.tgz",
      "integrity": "sha512-L6OngbAlbadG7b783x16ns3+SZ7i0SSB66M8xGa5/k+YcY7zm8zG0uPt1Hd+xQDR2aNA3RngVM10O23/Lwk65Q==",
      "dependencies": {
        "tsparticles-engine": "^2.12.0"
      }
    },
    "node_modules/tsparticles-shape-image": {
      "version": "2.12.0",
      "resolved": "https://registry.npmjs.org/tsparticles-shape-image/-/tsparticles-shape-image-2.12.0.tgz",
      "integrity": "sha512-iCkSdUVa40DxhkkYjYuYHr9MJGVw+QnQuN5UC+e/yBgJQY+1tQL8UH0+YU/h0GHTzh5Sm+y+g51gOFxHt1dj7Q==",
      "dependencies": {
        "tsparticles-engine": "^2.12.0"
      }
    },
    "node_modules/tsparticles-shape-line": {
      "version": "2.12.0",
      "resolved": "https://registry.npmjs.org/tsparticles-shape-line/-/tsparticles-shape-line-2.12.0.tgz",
      "integrity": "sha512-RcpKmmpKlk+R8mM5wA2v64Lv1jvXtU4SrBDv3vbdRodKbKaWGGzymzav1Q0hYyDyUZgplEK/a5ZwrfrOwmgYGA==",
      "dependencies": {
        "tsparticles-engine": "^2.12.0"
      }
    },
    "node_modules/tsparticles-shape-polygon": {
      "version": "2.12.0",
      "resolved": "https://registry.npmjs.org/tsparticles-shape-polygon/-/tsparticles-shape-polygon-2.12.0.tgz",
      "integrity": "sha512-5YEy7HVMt1Obxd/jnlsjajchAlYMr9eRZWN+lSjcFSH6Ibra7h59YuJVnwxOxAobpijGxsNiBX0PuGQnB47pmA==",
      "dependencies": {
        "tsparticles-engine": "^2.12.0"
      }
    },
    "node_modules/tsparticles-shape-square": {
      "version": "2.12.0",
      "resolved": "https://registry.npmjs.org/tsparticles-shape-square/-/tsparticles-shape-square-2.12.0.tgz",
      "integrity": "sha512-33vfajHqmlODKaUzyPI/aVhnAOT09V7nfEPNl8DD0cfiNikEuPkbFqgJezJuE55ebtVo7BZPDA9o7GYbWxQNuw==",
      "dependencies": {
        "tsparticles-engine": "^2.12.0"
      }
    },
    "node_modules/tsparticles-shape-star": {
      "version": "2.12.0",
      "resolved": "https://registry.npmjs.org/tsparticles-shape-star/-/tsparticles-shape-star-2.12.0.tgz",
      "integrity": "sha512-4sfG/BBqm2qBnPLASl2L5aBfCx86cmZLXeh49Un+TIR1F5Qh4XUFsahgVOG0vkZQa+rOsZPEH04xY5feWmj90g==",
      "dependencies": {
        "tsparticles-engine": "^2.12.0"
      }
    },
    "node_modules/tsparticles-shape-text": {
      "version": "2.12.0",
      "resolved": "https://registry.npmjs.org/tsparticles-shape-text/-/tsparticles-shape-text-2.12.0.tgz",
      "integrity": "sha512-v2/FCA+hyTbDqp2ymFOe97h/NFb2eezECMrdirHWew3E3qlvj9S/xBibjbpZva2gnXcasBwxn0+LxKbgGdP0rA==",
      "dependencies": {
        "tsparticles-engine": "^2.12.0"
      }
    },
    "node_modules/tsparticles-slim": {
      "version": "2.12.0",
      "resolved": "https://registry.npmjs.org/tsparticles-slim/-/tsparticles-slim-2.12.0.tgz",
      "integrity": "sha512-27w9aGAAAPKHvP4LHzWFpyqu7wKyulayyaZ/L6Tuuejy4KP4BBEB4rY5GG91yvAPsLtr6rwWAn3yS+uxnBDpkA==",
      "funding": [
        {
          "type": "github",
          "url": "https://github.com/sponsors/matteobruni"
        },
        {
          "type": "github",
          "url": "https://github.com/sponsors/tsparticles"
        },
        {
          "type": "buymeacoffee",
          "url": "https://www.buymeacoffee.com/matteobruni"
        }
      ],
      "dependencies": {
        "tsparticles-basic": "^2.12.0",
        "tsparticles-engine": "^2.12.0",
        "tsparticles-interaction-external-attract": "^2.12.0",
        "tsparticles-interaction-external-bounce": "^2.12.0",
        "tsparticles-interaction-external-bubble": "^2.12.0",
        "tsparticles-interaction-external-connect": "^2.12.0",
        "tsparticles-interaction-external-grab": "^2.12.0",
        "tsparticles-interaction-external-pause": "^2.12.0",
        "tsparticles-interaction-external-push": "^2.12.0",
        "tsparticles-interaction-external-remove": "^2.12.0",
        "tsparticles-interaction-external-repulse": "^2.12.0",
        "tsparticles-interaction-external-slow": "^2.12.0",
        "tsparticles-interaction-particles-attract": "^2.12.0",
        "tsparticles-interaction-particles-collisions": "^2.12.0",
        "tsparticles-interaction-particles-links": "^2.12.0",
        "tsparticles-move-base": "^2.12.0",
        "tsparticles-move-parallax": "^2.12.0",
        "tsparticles-particles.js": "^2.12.0",
        "tsparticles-plugin-easing-quad": "^2.12.0",
        "tsparticles-shape-circle": "^2.12.0",
        "tsparticles-shape-image": "^2.12.0",
        "tsparticles-shape-line": "^2.12.0",
        "tsparticles-shape-polygon": "^2.12.0",
        "tsparticles-shape-square": "^2.12.0",
        "tsparticles-shape-star": "^2.12.0",
        "tsparticles-shape-text": "^2.12.0",
        "tsparticles-updater-color": "^2.12.0",
        "tsparticles-updater-life": "^2.12.0",
        "tsparticles-updater-opacity": "^2.12.0",
        "tsparticles-updater-out-modes": "^2.12.0",
        "tsparticles-updater-rotate": "^2.12.0",
        "tsparticles-updater-size": "^2.12.0",
        "tsparticles-updater-stroke-color": "^2.12.0"
      }
    },
    "node_modules/tsparticles-updater-color": {
      "version": "2.12.0",
      "resolved": "https://registry.npmjs.org/tsparticles-updater-color/-/tsparticles-updater-color-2.12.0.tgz",
      "integrity": "sha512-KcG3a8zd0f8CTiOrylXGChBrjhKcchvDJjx9sp5qpwQK61JlNojNCU35xoaSk2eEHeOvFjh0o3CXWUmYPUcBTQ==",
      "dependencies": {
        "tsparticles-engine": "^2.12.0"
      }
    },
    "node_modules/tsparticles-updater-destroy": {
      "version": "2.12.0",
      "resolved": "https://registry.npmjs.org/tsparticles-updater-destroy/-/tsparticles-updater-destroy-2.12.0.tgz",
      "integrity": "sha512-6NN3dJhxACvzbIGL4dADbYQSZJmdHfwjujj1uvnxdMbb2x8C/AZzGxiN33smo4jkrZ5VLEWZWCJPJ8aOKjQ2Sg==",
      "dependencies": {
        "tsparticles-engine": "^2.12.0"
      }
    },
    "node_modules/tsparticles-updater-life": {
      "version": "2.12.0",
      "resolved": "https://registry.npmjs.org/tsparticles-updater-life/-/tsparticles-updater-life-2.12.0.tgz",
      "integrity": "sha512-J7RWGHAZkowBHpcLpmjKsxwnZZJ94oGEL2w+wvW1/+ZLmAiFFF6UgU0rHMC5CbHJT4IPx9cbkYMEHsBkcRJ0Bw==",
      "dependencies": {
        "tsparticles-engine": "^2.12.0"
      }
    },
    "node_modules/tsparticles-updater-opacity": {
      "version": "2.12.0",
      "resolved": "https://registry.npmjs.org/tsparticles-updater-opacity/-/tsparticles-updater-opacity-2.12.0.tgz",
      "integrity": "sha512-YUjMsgHdaYi4HN89LLogboYcCi1o9VGo21upoqxq19yRy0hRCtx2NhH22iHF/i5WrX6jqshN0iuiiNefC53CsA==",
      "dependencies": {
        "tsparticles-engine": "^2.12.0"
      }
    },
    "node_modules/tsparticles-updater-out-modes": {
      "version": "2.12.0",
      "resolved": "https://registry.npmjs.org/tsparticles-updater-out-modes/-/tsparticles-updater-out-modes-2.12.0.tgz",
      "integrity": "sha512-owBp4Gk0JNlSrmp12XVEeBroDhLZU+Uq3szbWlHGSfcR88W4c/0bt0FiH5bHUqORIkw+m8O56hCjbqwj69kpOQ==",
      "dependencies": {
        "tsparticles-engine": "^2.12.0"
      }
    },
    "node_modules/tsparticles-updater-roll": {
      "version": "2.12.0",
      "resolved": "https://registry.npmjs.org/tsparticles-updater-roll/-/tsparticles-updater-roll-2.12.0.tgz",
      "integrity": "sha512-dxoxY5jP4C9x15BxlUv5/Q8OjUPBiE09ToXRyBxea9aEJ7/iMw6odvi1HuT0H1vTIfV7o1MYawjeCbMycvODKQ==",
      "dependencies": {
        "tsparticles-engine": "^2.12.0"
      }
    },
    "node_modules/tsparticles-updater-rotate": {
      "version": "2.12.0",
      "resolved": "https://registry.npmjs.org/tsparticles-updater-rotate/-/tsparticles-updater-rotate-2.12.0.tgz",
      "integrity": "sha512-waOFlGFmEZOzsQg4C4VSejNVXGf4dMf3fsnQrEROASGf1FCd8B6WcZau7JtXSTFw0OUGuk8UGz36ETWN72DkCw==",
      "dependencies": {
        "tsparticles-engine": "^2.12.0"
      }
    },
    "node_modules/tsparticles-updater-size": {
      "version": "2.12.0",
      "resolved": "https://registry.npmjs.org/tsparticles-updater-size/-/tsparticles-updater-size-2.12.0.tgz",
      "integrity": "sha512-B0yRdEDd/qZXCGDL/ussHfx5YJ9UhTqNvmS5X2rR2hiZhBAE2fmsXLeWkdtF2QusjPeEqFDxrkGiLOsh6poqRA==",
      "dependencies": {
        "tsparticles-engine": "^2.12.0"
      }
    },
    "node_modules/tsparticles-updater-stroke-color": {
      "version": "2.12.0",
      "resolved": "https://registry.npmjs.org/tsparticles-updater-stroke-color/-/tsparticles-updater-stroke-color-2.12.0.tgz",
      "integrity": "sha512-MPou1ZDxsuVq6SN1fbX+aI5yrs6FyP2iPCqqttpNbWyL+R6fik1rL0ab/x02B57liDXqGKYomIbBQVP3zUTW1A==",
      "dependencies": {
        "tsparticles-engine": "^2.12.0"
      }
    },
    "node_modules/tsparticles-updater-tilt": {
      "version": "2.12.0",
      "resolved": "https://registry.npmjs.org/tsparticles-updater-tilt/-/tsparticles-updater-tilt-2.12.0.tgz",
      "integrity": "sha512-HDEFLXazE+Zw+kkKKAiv0Fs9D9sRP61DoCR6jZ36ipea6OBgY7V1Tifz2TSR1zoQkk57ER9+EOQbkSQO+YIPGQ==",
      "dependencies": {
        "tsparticles-engine": "^2.12.0"
      }
    },
    "node_modules/tsparticles-updater-twinkle": {
      "version": "2.12.0",
      "resolved": "https://registry.npmjs.org/tsparticles-updater-twinkle/-/tsparticles-updater-twinkle-2.12.0.tgz",
      "integrity": "sha512-JhK/DO4kTx7IFwMBP2EQY9hBaVVvFnGBvX21SQWcjkymmN1hZ+NdcgUtR9jr4jUiiSNdSl7INaBuGloVjWvOgA==",
      "dependencies": {
        "tsparticles-engine": "^2.12.0"
      }
    },
    "node_modules/tsparticles-updater-wobble": {
      "version": "2.12.0",
      "resolved": "https://registry.npmjs.org/tsparticles-updater-wobble/-/tsparticles-updater-wobble-2.12.0.tgz",
      "integrity": "sha512-85FIRl95ipD3jfIsQdDzcUC5PRMWIrCYqBq69nIy9P8rsNzygn+JK2n+P1VQZowWsZvk0mYjqb9OVQB21Lhf6Q==",
      "dependencies": {
        "tsparticles-engine": "^2.12.0"
      }
    }
  }
}
